
Microsoft Visual Studio Solution File, Format Version 12.00
# Visual Studio Version 17
VisualStudioVersion = 17.2.32630.192
MinimumVisualStudioVersion = 10.0.40219.1
Project("{9A19103F-16F7-4668-BE54-9A1E7A4F7556}") = "R5T.L0097.Construction", "R5T.L0097.Construction\R5T.L0097.Construction.csproj", "{AAA7E669-9EAA-438B-8EF8-905071026BC0}"
EndProject
Project("{9A19103F-16F7-4668-BE54-9A1E7A4F7556}") = "R5T.L0097", "R5T.L0097\R5T.L0097.csproj", "{36B41A9E-27E9-40E7-859B-BAEA2895DBC6}"
EndProject
Project("{9A19103F-16F7-4668-BE54-9A1E7A4F7556}") = "R5T.L0097.O001", "R5T.L0097.O001\R5T.L0097.O001.csproj", "{591FBEB9-F4E8-4DA8-B227-5F1EA839B3FE}"
EndProject
Project("{2150E333-8FDC-42A3-9474-1A3956D46DE8}") = "_Dependencies", "_Dependencies", "{E393395C-C5C2-494F-AEE9-2BF447E8A165}"
EndProject
Project("{9A19103F-16F7-4668-BE54-9A1E7A4F7556}") = "R5T.F0000", "..\..\R5T.F0000\source\R5T.F0000\R5T.F0000.csproj", "{3A7D0429-68C7-4139-8602-1BEFF5DF770B}"
EndProject
Project("{9A19103F-16F7-4668-BE54-9A1E7A4F7556}") = "R5T.F0002", "..\..\R5T.F0002\source\R5T.F0002\R5T.F0002.csproj", "{FD04462A-80B2-4B27-AF0B-4DA7A2F675F8}"
EndProject
Project("{9A19103F-16F7-4668-BE54-9A1E7A4F7556}") = "R5T.F0059", "..\..\R5T.F0059\source\R5T.F0059\R5T.F0059.csproj", "{C4E935C1-AEAC-4515-AFAA-514E0378B132}"
EndProject
Project("{9A19103F-16F7-4668-BE54-9A1E7A4F7556}") = "R5T.F0120", "..\..\R5T.F0120\source\R5T.F0120\R5T.F0120.csproj", "{8B3AC431-8EB9-4B8E-ACDD-070BB31B5498}"
EndProject
Project("{9A19103F-16F7-4668-BE54-9A1E7A4F7556}") = "R5T.F0124", "..\..\R5T.F0124\source\R5T.F0124\R5T.F0124.csproj", "{D054B513-03A5-4922-9342-A49EE5436D96}"
EndProject
Project("{9A19103F-16F7-4668-BE54-9A1E7A4F7556}") = "R5T.F0125", "..\..\R5T.F0125\source\R5T.F0125\R5T.F0125.csproj", "{25AC0C12-9D31-401B-BC4A-D1170ACF8139}"
EndProject
Project("{9A19103F-16F7-4668-BE54-9A1E7A4F7556}") = "R5T.L0030.T000", "..\..\R5T.L0030\source\R5T.L0030.T000\R5T.L0030.T000.csproj", "{25A9904C-B979-400D-B174-437AE45C347D}"
EndProject
Project("{9A19103F-16F7-4668-BE54-9A1E7A4F7556}") = "R5T.L0030", "..\..\R5T.L0030\source\R5T.L0030\R5T.L0030.csproj", "{C6AE57C8-AEAA-449D-99B6-55FCA413017E}"
EndProject
Project("{9A19103F-16F7-4668-BE54-9A1E7A4F7556}") = "R5T.L0034", "..\..\R5T.L0034\source\R5T.L0034\R5T.L0034.csproj", "{207DEC62-74D2-4806-9A1B-11CD898155F1}"
EndProject
Project("{9A19103F-16F7-4668-BE54-9A1E7A4F7556}") = "R5T.L0035", "..\..\R5T.L0035\source\R5T.L0035\R5T.L0035.csproj", "{F16640AD-EC63-494B-B29C-DFF1753A522F}"
EndProject
Project("{9A19103F-16F7-4668-BE54-9A1E7A4F7556}") = "R5T.L0053", "..\..\R5T.L0053\source\R5T.L0053\R5T.L0053.csproj", "{F7F5D8B5-D927-44FC-BC66-CDC7567CBA6B}"
EndProject
Project("{9A19103F-16F7-4668-BE54-9A1E7A4F7556}") = "R5T.L0056", "..\..\R5T.L0056\source\R5T.L0056\R5T.L0056.csproj", "{A14EF017-2593-4945-B5FE-6EA8E2187DA3}"
EndProject
Project("{9A19103F-16F7-4668-BE54-9A1E7A4F7556}") = "R5T.L0066", "..\..\R5T.L0066\source\R5T.L0066\R5T.L0066.csproj", "{A32B10CA-88B5-4F91-9345-5009BD3B7BCF}"
EndProject
Project("{9A19103F-16F7-4668-BE54-9A1E7A4F7556}") = "R5T.L0071", "..\..\R5T.L0071\source\R5T.L0071\R5T.L0071.csproj", "{ACDFCECA-6845-48B8-9493-B5A2D2326218}"
EndProject
Project("{9A19103F-16F7-4668-BE54-9A1E7A4F7556}") = "R5T.L0074", "..\..\R5T.L0074\source\R5T.L0074\R5T.L0074.csproj", "{03C0C8D4-0F22-4592-8FD0-37EE48C12588}"
EndProject
Project("{9A19103F-16F7-4668-BE54-9A1E7A4F7556}") = "R5T.L0089.F000", "..\..\R5T.L0089\source\R5T.L0089.F000\R5T.L0089.F000.csproj", "{08728261-DD7E-4523-81D3-01FCA253EDAF}"
EndProject
Project("{9A19103F-16F7-4668-BE54-9A1E7A4F7556}") = "R5T.L0089.T000", "..\..\R5T.L0089\source\R5T.L0089.T000\R5T.L0089.T000.csproj", "{855A8B39-BD96-41DD-9D4E-15E97EA7E9CE}"
EndProject
Project("{9A19103F-16F7-4668-BE54-9A1E7A4F7556}") = "R5T.L0089", "..\..\R5T.L0089\source\R5T.L0089\R5T.L0089.csproj", "{56980259-758C-4476-A245-85BA24353B82}"
EndProject
Project("{9A19103F-16F7-4668-BE54-9A1E7A4F7556}") = "R5T.NG0006", "..\..\R5T.NG0006\source\R5T.NG0006\R5T.NG0006.csproj", "{4CEFD126-91C3-4EA5-B2F5-1F63B2794235}"
EndProject
Project("{9A19103F-16F7-4668-BE54-9A1E7A4F7556}") = "R5T.NG0022", "..\..\R5T.NG0022\source\R5T.NG0022\R5T.NG0022.csproj", "{28DC92CF-2F08-43E9-A300-A8048F2A0F57}"
EndProject
Project("{9A19103F-16F7-4668-BE54-9A1E7A4F7556}") = "R5T.T0131", "..\..\R5T.T0131\source\R5T.T0131\R5T.T0131.csproj", "{B76ED368-9072-4AF4-B9EF-3D32FBC2901A}"
EndProject
Project("{9A19103F-16F7-4668-BE54-9A1E7A4F7556}") = "R5T.T0132", "..\..\R5T.T0132\source\R5T.T0132\R5T.T0132.csproj", "{47CD8CFB-243F-402E-8903-4EB8563C80ED}"
EndProject
Project("{9A19103F-16F7-4668-BE54-9A1E7A4F7556}") = "R5T.T0142", "..\..\R5T.T0142\source\R5T.T0142\R5T.T0142.csproj", "{7F55A386-BB74-4970-8A2B-1BA924D7E3E6}"
EndProject
Project("{9A19103F-16F7-4668-BE54-9A1E7A4F7556}") = "R5T.T0143", "..\..\R5T.T0143\source\R5T.T0143\R5T.T0143.csproj", "{B8F874F8-51E4-4CB1-810E-56A2573C0E62}"
EndProject
Project("{9A19103F-16F7-4668-BE54-9A1E7A4F7556}") = "R5T.T0150", "..\..\R5T.T0150\source\R5T.T0150\R5T.T0150.csproj", "{41F32E32-1CC4-4A6F-B63C-C6F3C2957E1E}"
EndProject
Project("{9A19103F-16F7-4668-BE54-9A1E7A4F7556}") = "R5T.T0151", "..\..\R5T.T0151\source\R5T.T0151\R5T.T0151.csproj", "{3B57666C-CDBC-4ED1-92E2-325B81896D40}"
EndProject
Project("{9A19103F-16F7-4668-BE54-9A1E7A4F7556}") = "R5T.T0156", "..\..\R5T.T0156\source\R5T.T0156\R5T.T0156.csproj", "{2FEDE8EE-3823-46DB-8211-12511C3B89C0}"
EndProject
Project("{9A19103F-16F7-4668-BE54-9A1E7A4F7556}") = "R5T.T0158", "..\..\R5T.T0158\source\R5T.T0158\R5T.T0158.csproj", "{3EFF82D0-76EA-4C2F-A12A-E8899BEE0EE4}"
EndProject
Project("{9A19103F-16F7-4668-BE54-9A1E7A4F7556}") = "R5T.T0159", "..\..\R5T.T0159\source\R5T.T0159\R5T.T0159.csproj", "{3D1C3AB0-EE06-47F0-BD65-221035052282}"
EndProject
Project("{9A19103F-16F7-4668-BE54-9A1E7A4F7556}") = "R5T.T0172", "..\..\R5T.T0172\source\R5T.T0172\R5T.T0172.csproj", "{5A2218D9-5B67-49F6-B129-8946F11BA61E}"
EndProject
Project("{9A19103F-16F7-4668-BE54-9A1E7A4F7556}") = "R5T.T0174", "..\..\R5T.T0174\source\R5T.T0174\R5T.T0174.csproj", "{A0E36A5C-9A83-4B6D-95F0-4F8E0D790E69}"
EndProject
Project("{9A19103F-16F7-4668-BE54-9A1E7A4F7556}") = "R5T.T0176", "..\..\R5T.T0176\source\R5T.T0176\R5T.T0176.csproj", "{264C408B-8322-45DA-A14A-2A71B5C50FBB}"
EndProject
Project("{9A19103F-16F7-4668-BE54-9A1E7A4F7556}") = "R5T.T0177", "..\..\R5T.T0177\source\R5T.T0177\R5T.T0177.csproj", "{F71D54FB-5C49-4B87-B688-99CA71224B25}"
EndProject
Project("{9A19103F-16F7-4668-BE54-9A1E7A4F7556}") = "R5T.T0178", "..\..\R5T.T0178\source\R5T.T0178\R5T.T0178.csproj", "{C3BBB285-7BD2-4DF0-8E07-771F18B6951E}"
EndProject
Project("{9A19103F-16F7-4668-BE54-9A1E7A4F7556}") = "R5T.T0179", "..\..\R5T.T0179\source\R5T.T0179\R5T.T0179.csproj", "{41D6FEAB-B43C-4353-9172-FB33478DA01B}"
EndProject
Project("{9A19103F-16F7-4668-BE54-9A1E7A4F7556}") = "R5T.T0180", "..\..\R5T.T0180\source\R5T.T0180\R5T.T0180.csproj", "{1139721B-8849-428B-8FB5-440582084625}"
EndProject
Project("{9A19103F-16F7-4668-BE54-9A1E7A4F7556}") = "R5T.T0181", "..\..\R5T.T0181\source\R5T.T0181\R5T.T0181.csproj", "{C2F86B91-8C36-461D-BD77-A02B45A4EBDF}"
EndProject
Project("{9A19103F-16F7-4668-BE54-9A1E7A4F7556}") = "R5T.T0185", "..\..\R5T.T0185\source\R5T.T0185\R5T.T0185.csproj", "{8048214F-A07F-4638-8397-3FFFF520A415}"
EndProject
Project("{9A19103F-16F7-4668-BE54-9A1E7A4F7556}") = "R5T.T0199.T000", "..\..\R5T.T0199\source\R5T.T0199.T000\R5T.T0199.T000.csproj", "{107C0366-3A00-4CDC-A96E-8F879FA399A8}"
EndProject
Project("{9A19103F-16F7-4668-BE54-9A1E7A4F7556}") = "R5T.T0199.T001", "..\..\R5T.T0199\source\R5T.T0199.T001\R5T.T0199.T001.csproj", "{E5D65CB4-ED41-4740-9FB5-5E4B0D626143}"
EndProject
Project("{9A19103F-16F7-4668-BE54-9A1E7A4F7556}") = "R5T.T0199", "..\..\R5T.T0199\source\R5T.T0199\R5T.T0199.csproj", "{CAB3E3F3-F6B7-402D-AA5C-87C8836E2164}"
EndProject
Project("{9A19103F-16F7-4668-BE54-9A1E7A4F7556}") = "R5T.T0203", "..\..\R5T.T0203\source\R5T.T0203\R5T.T0203.csproj", "{42A57F75-C89B-4546-BFD1-39A2CBD1C59D}"
EndProject
Project("{9A19103F-16F7-4668-BE54-9A1E7A4F7556}") = "R5T.T0213", "..\..\R5T.T0213\source\R5T.T0213\R5T.T0213.csproj", "{037A5519-A91F-43E8-B74C-B265D7B8F357}"
EndProject
Project("{9A19103F-16F7-4668-BE54-9A1E7A4F7556}") = "R5T.T0218", "..\..\R5T.T0218\source\R5T.T0218\R5T.T0218.csproj", "{D5088530-7197-455A-9295-095C80C8ACB0}"
EndProject
Project("{9A19103F-16F7-4668-BE54-9A1E7A4F7556}") = "R5T.T0219", "..\..\R5T.T0219\source\R5T.T0219\R5T.T0219.csproj", "{413AAC80-17D2-4B24-BF9E-B304621ADE94}"
EndProject
Project("{9A19103F-16F7-4668-BE54-9A1E7A4F7556}") = "R5T.T0220", "..\..\R5T.T0220\source\R5T.T0220\R5T.T0220.csproj", "{94662DAF-E390-4337-928D-76B77627EDFF}"
EndProject
Project("{9A19103F-16F7-4668-BE54-9A1E7A4F7556}") = "R5T.T0221", "..\..\R5T.T0221\source\R5T.T0221\R5T.T0221.csproj", "{E904DC60-B1D4-4E39-8A4F-A9AE743FD378}"
EndProject
Project("{9A19103F-16F7-4668-BE54-9A1E7A4F7556}") = "R5T.T0227", "..\..\R5T.T0227\source\R5T.T0227\R5T.T0227.csproj", "{3A44D045-7AB0-428A-80BE-795F90343184}"
EndProject
Project("{9A19103F-16F7-4668-BE54-9A1E7A4F7556}") = "R5T.Y0000", "..\..\R5T.Y0000\source\R5T.Y0000\R5T.Y0000.csproj", "{D615DA9D-86B1-4E9E-8241-498B84151DC1}"
EndProject
Project("{9A19103F-16F7-4668-BE54-9A1E7A4F7556}") = "R5T.Y0006", "..\..\R5T.Y0006\source\R5T.Y0006\R5T.Y0006.csproj", "{A23CDE03-2942-4A88-9DBF-CC13DE99C97F}"
EndProject
Project("{9A19103F-16F7-4668-BE54-9A1E7A4F7556}") = "R5T.Z0000", "..\..\R5T.Z0000\source\R5T.Z0000\R5T.Z0000.csproj", "{B7FF0C10-F2ED-4A5B-90AE-7F92F24F951F}"
EndProject
Project("{9A19103F-16F7-4668-BE54-9A1E7A4F7556}") = "R5T.Z0010.Platform", "..\..\R5T.Z0010\source\R5T.Z0010.Platform\R5T.Z0010.Platform.csproj", "{053F43DF-6903-42AF-AE21-0F3F7B2EC15D}"
EndProject
Project("{9A19103F-16F7-4668-BE54-9A1E7A4F7556}") = "R5T.Z0010", "..\..\R5T.Z0010\source\R5T.Z0010\R5T.Z0010.csproj", "{18430D50-18F5-4FAC-ABA8-69AA0CCA845E}"
EndProject
Project("{9A19103F-16F7-4668-BE54-9A1E7A4F7556}") = "R5T.Z0057.Platform", "..\..\R5T.Z0057\source\R5T.Z0057.Platform\R5T.Z0057.Platform.csproj", "{5A9730E8-4A19-46B2-BB9A-4151B62E16DB}"
EndProject
Project("{9A19103F-16F7-4668-BE54-9A1E7A4F7556}") = "R5T.Z0057", "..\..\R5T.Z0057\source\R5T.Z0057\R5T.Z0057.csproj", "{7B0C79EF-BE59-4F9C-AEFC-23B7187114B4}"
EndProject
Project("{9A19103F-16F7-4668-BE54-9A1E7A4F7556}") = "R5T.Z0058", "..\..\R5T.Z0058\source\R5T.Z0058\R5T.Z0058.csproj", "{7E010C68-A2B7-4F38-9355-04237FE221D6}"
EndProject
Project("{9A19103F-16F7-4668-BE54-9A1E7A4F7556}") = "R5T.T0241", "..\..\R5T.T0241\source\R5T.T0241\R5T.T0241.csproj", "{9EA254F1-0F2A-43DF-A045-FCED43E949F2}"
EndProject
Project("{9A19103F-16F7-4668-BE54-9A1E7A4F7556}") = "R5T.F0028", "..\..\R5T.F0028\source\R5T.F0028\R5T.F0028.csproj", "{5E67E0EC-E3DD-4344-AEF6-F80C9474A9BE}"
EndProject
Project("{9A19103F-16F7-4668-BE54-9A1E7A4F7556}") = "R5T.F0083.R001", "..\..\R5T.F0083\source\R5T.F0083.R001\R5T.F0083.R001.csproj", "{852ADD98-B328-4FF5-B7C1-45F94AA3A448}"
EndProject
Project("{9A19103F-16F7-4668-BE54-9A1E7A4F7556}") = "R5T.F0083", "..\..\R5T.F0083\source\R5T.F0083\R5T.F0083.csproj", "{48213A7B-666A-4B5D-B752-46334B1E5E90}"
EndProject
Project("{9A19103F-16F7-4668-BE54-9A1E7A4F7556}") = "R5T.F0086", "..\..\R5T.F0086\source\R5T.F0086\R5T.F0086.csproj", "{B98E8346-F471-4EAD-94A3-602CE2782A5E}"
EndProject
Project("{9A19103F-16F7-4668-BE54-9A1E7A4F7556}") = "R5T.F0144", "..\..\R5T.F0144\source\R5T.F0144\R5T.F0144.csproj", "{6CF3BB91-9C6D-4FBA-9670-B163D1015847}"
EndProject
Project("{9A19103F-16F7-4668-BE54-9A1E7A4F7556}") = "R5T.NG0002", "..\..\R5T.NG0002\source\R5T.NG0002\R5T.NG0002.csproj", "{DD5DFE2B-C7D8-4217-B6B4-E24FDD608168}"
EndProject
Project("{9A19103F-16F7-4668-BE54-9A1E7A4F7556}") = "R5T.NG0009", "..\..\R5T.NG0009\source\R5T.NG0009\R5T.NG0009.csproj", "{8DB47AE2-3651-4E7D-AEBF-DA04E47296B1}"
EndProject
Project("{9A19103F-16F7-4668-BE54-9A1E7A4F7556}") = "R5T.NG0024", "..\..\R5T.NG0024\source\R5T.NG0024\R5T.NG0024.csproj", "{38C6F4DA-06F6-4DD8-98C0-1BCA4707733C}"
EndProject
Project("{9A19103F-16F7-4668-BE54-9A1E7A4F7556}") = "R5T.T0154", "..\..\R5T.T0154\source\R5T.T0154\R5T.T0154.csproj", "{C599B15B-4C75-4F9C-AA77-F1134E604970}"
EndProject
Project("{9A19103F-16F7-4668-BE54-9A1E7A4F7556}") = "R5T.L0096.T000", "..\..\R5T.L0096\source\R5T.L0096.T000\R5T.L0096.T000.csproj", "{406B7B24-F53D-4E3B-8726-9AF288987F8F}"
EndProject
Project("{9A19103F-16F7-4668-BE54-9A1E7A4F7556}") = "R5T.T0240", "..\..\R5T.T0240\source\R5T.T0240\R5T.T0240.csproj", "{79D3B5B7-3EAE-4D75-A1F2-0D19E97EB183}"
EndProject
Project("{9A19103F-16F7-4668-BE54-9A1E7A4F7556}") = "R5T.L0092.T001", "..\..\R5T.L0092\source\R5T.L0092.T001\R5T.L0092.T001.csproj", "{42562EBC-3C14-4160-AA1A-DFB8E14FB169}"
EndProject
Project("{9A19103F-16F7-4668-BE54-9A1E7A4F7556}") = "R5T.T0244", "..\..\R5T.T0244\source\R5T.T0244\R5T.T0244.csproj", "{3D9853F0-FD17-433B-BDFE-57A8D7471AC4}"
EndProject
Project("{9A19103F-16F7-4668-BE54-9A1E7A4F7556}") = "R5T.L0091.T000", "..\..\R5T.L0091\source\R5T.L0091.T000\R5T.L0091.T000.csproj", "{67EBBA20-9211-4EBF-AB55-5A0C13038216}"
EndProject
Project("{9A19103F-16F7-4668-BE54-9A1E7A4F7556}") = "R5T.F0040.F000", "..\..\R5T.F0040\source\R5T.F0040.F000\R5T.F0040.F000.csproj", "{1ABA493A-0D6F-42EA-9D21-18DE57A30884}"
EndProject
Project("{9A19103F-16F7-4668-BE54-9A1E7A4F7556}") = "R5T.Z0067.Z001", "..\..\R5T.Z0067\source\R5T.Z0067.Z001\R5T.Z0067.Z001.csproj", "{5C414E41-C524-4B03-881A-D21954CBEDDE}"
EndProject
Project("{9A19103F-16F7-4668-BE54-9A1E7A4F7556}") = "R5T.Z0067", "..\..\R5T.Z0067\source\R5T.Z0067\R5T.Z0067.csproj", "{C9F8976A-781A-4613-9AF6-86AE2E5F0EAB}"
EndProject
Project("{9A19103F-16F7-4668-BE54-9A1E7A4F7556}") = "R5T.L0073.F000", "..\..\R5T.L0073\source\R5T.L0073.F000\R5T.L0073.F000.csproj", "{099471A0-0B2C-484C-9361-4C8F14920498}"
EndProject
Project("{9A19103F-16F7-4668-BE54-9A1E7A4F7556}") = "R5T.L0073.F001", "..\..\R5T.L0073\source\R5T.L0073.F001\R5T.L0073.F001.csproj", "{5C220957-9472-42B7-A464-94EF20E19770}"
EndProject
Project("{9A19103F-16F7-4668-BE54-9A1E7A4F7556}") = "R5T.L0073.F002", "..\..\R5T.L0073\source\R5T.L0073.F002\R5T.L0073.F002.csproj", "{C47846B6-E442-4DE2-AD1C-3EA1BBAA89CF}"
EndProject
Project("{9A19103F-16F7-4668-BE54-9A1E7A4F7556}") = "R5T.L0073.O003", "..\..\R5T.L0073\source\R5T.L0073.O003\R5T.L0073.O003.csproj", "{B6FD65C2-0B27-4D8E-ADCB-0C3B65CB1482}"
EndProject
Project("{9A19103F-16F7-4668-BE54-9A1E7A4F7556}") = "R5T.L0073.T001", "..\..\R5T.L0073\source\R5T.L0073.T001\R5T.L0073.T001.csproj", "{32481672-2B6A-4C5F-9360-4AEBA769B624}"
EndProject
Project("{9A19103F-16F7-4668-BE54-9A1E7A4F7556}") = "R5T.L0073.T003", "..\..\R5T.L0073\source\R5T.L0073.T003\R5T.L0073.T003.csproj", "{C86F2535-DED4-4F07-B5E7-014EEBE69313}"
EndProject
Project("{9A19103F-16F7-4668-BE54-9A1E7A4F7556}") = "R5T.L0073.T004", "..\..\R5T.L0073\source\R5T.L0073.T004\R5T.L0073.T004.csproj", "{F26FCA99-52B3-4CA9-9137-27DACD82060A}"
EndProject
Project("{9A19103F-16F7-4668-BE54-9A1E7A4F7556}") = "R5T.L0073.Y000", "..\..\R5T.L0073\source\R5T.L0073.Y000\R5T.L0073.Y000.csproj", "{5791795F-4A2F-40EC-98B4-31B1B68EFADA}"
EndProject
Project("{9A19103F-16F7-4668-BE54-9A1E7A4F7556}") = "R5T.L0073.Z001", "..\..\R5T.L0073\source\R5T.L0073.Z001\R5T.L0073.Z001.csproj", "{8BFF763D-0B2E-46FA-ADC1-9C3480423DE7}"
EndProject
Project("{9A19103F-16F7-4668-BE54-9A1E7A4F7556}") = "R5T.L0093.T000", "..\..\R5T.L0093\source\R5T.L0093.T000\R5T.L0093.T000.csproj", "{7849DACC-21A1-4E85-BD67-085F651A668A}"
EndProject
Project("{9A19103F-16F7-4668-BE54-9A1E7A4F7556}") = "R5T.NG0019", "..\..\R5T.NG0019\source\R5T.NG0019\R5T.NG0019.csproj", "{DEBCD578-14F4-4140-A183-B25833187311}"
EndProject
Project("{9A19103F-16F7-4668-BE54-9A1E7A4F7556}") = "R5T.O0031.O001", "..\..\R5T.O0031\source\R5T.O0031.O001\R5T.O0031.O001.csproj", "{0A85D12E-80AA-4608-9FCF-7DF72EA78258}"
EndProject
Project("{9A19103F-16F7-4668-BE54-9A1E7A4F7556}") = "R5T.O0032.O001", "..\..\R5T.O0032\source\R5T.O0032.O001\R5T.O0032.O001.csproj", "{69547942-8644-41DE-BAD0-2729545A06F3}"
EndProject
Project("{9A19103F-16F7-4668-BE54-9A1E7A4F7556}") = "R5T.T0137", "..\..\R5T.T0137\source\R5T.T0137\R5T.T0137.csproj", "{2E36C1EC-DD91-4675-BF64-2B8547979836}"
EndProject
Project("{9A19103F-16F7-4668-BE54-9A1E7A4F7556}") = "R5T.Z0064.Z000", "..\..\R5T.Z0064\source\R5T.Z0064.Z000\R5T.Z0064.Z000.csproj", "{05BC4310-2E79-48CB-AA97-414675289DF5}"
EndProject
Project("{9A19103F-16F7-4668-BE54-9A1E7A4F7556}") = "R5T.L0073.O004", "..\..\R5T.L0073\source\R5T.L0073.O004\R5T.L0073.O004.csproj", "{943CA5E8-055E-4C3F-B892-30FBAC270C8E}"
EndProject
Project("{9A19103F-16F7-4668-BE54-9A1E7A4F7556}") = "R5T.L0097.F002", "R5T.L0097.F002\R5T.L0097.F002.csproj", "{19FC066F-4124-4B93-AFB0-FE4C174044E3}"
EndProject
Project("{9A19103F-16F7-4668-BE54-9A1E7A4F7556}") = "R5T.L0097.O002", "R5T.L0097.O002\R5T.L0097.O002.csproj", "{77AB1633-01DB-4CC2-8680-A48492FAC575}"
EndProject
Global
	GlobalSection(NestedProjects) = preSolution
		{3A7D0429-68C7-4139-8602-1BEFF5DF770B} = {E393395C-C5C2-494F-AEE9-2BF447E8A165}
		{FD04462A-80B2-4B27-AF0B-4DA7A2F675F8} = {E393395C-C5C2-494F-AEE9-2BF447E8A165}
		{C4E935C1-AEAC-4515-AFAA-514E0378B132} = {E393395C-C5C2-494F-AEE9-2BF447E8A165}
		{8B3AC431-8EB9-4B8E-ACDD-070BB31B5498} = {E393395C-C5C2-494F-AEE9-2BF447E8A165}
		{D054B513-03A5-4922-9342-A49EE5436D96} = {E393395C-C5C2-494F-AEE9-2BF447E8A165}
		{25AC0C12-9D31-401B-BC4A-D1170ACF8139} = {E393395C-C5C2-494F-AEE9-2BF447E8A165}
		{25A9904C-B979-400D-B174-437AE45C347D} = {E393395C-C5C2-494F-AEE9-2BF447E8A165}
		{C6AE57C8-AEAA-449D-99B6-55FCA413017E} = {E393395C-C5C2-494F-AEE9-2BF447E8A165}
		{207DEC62-74D2-4806-9A1B-11CD898155F1} = {E393395C-C5C2-494F-AEE9-2BF447E8A165}
		{F16640AD-EC63-494B-B29C-DFF1753A522F} = {E393395C-C5C2-494F-AEE9-2BF447E8A165}
		{F7F5D8B5-D927-44FC-BC66-CDC7567CBA6B} = {E393395C-C5C2-494F-AEE9-2BF447E8A165}
		{A14EF017-2593-4945-B5FE-6EA8E2187DA3} = {E393395C-C5C2-494F-AEE9-2BF447E8A165}
		{A32B10CA-88B5-4F91-9345-5009BD3B7BCF} = {E393395C-C5C2-494F-AEE9-2BF447E8A165}
		{ACDFCECA-6845-48B8-9493-B5A2D2326218} = {E393395C-C5C2-494F-AEE9-2BF447E8A165}
		{03C0C8D4-0F22-4592-8FD0-37EE48C12588} = {E393395C-C5C2-494F-AEE9-2BF447E8A165}
		{08728261-DD7E-4523-81D3-01FCA253EDAF} = {E393395C-C5C2-494F-AEE9-2BF447E8A165}
		{855A8B39-BD96-41DD-9D4E-15E97EA7E9CE} = {E393395C-C5C2-494F-AEE9-2BF447E8A165}
		{56980259-758C-4476-A245-85BA24353B82} = {E393395C-C5C2-494F-AEE9-2BF447E8A165}
		{4CEFD126-91C3-4EA5-B2F5-1F63B2794235} = {E393395C-C5C2-494F-AEE9-2BF447E8A165}
		{28DC92CF-2F08-43E9-A300-A8048F2A0F57} = {E393395C-C5C2-494F-AEE9-2BF447E8A165}
		{B76ED368-9072-4AF4-B9EF-3D32FBC2901A} = {E393395C-C5C2-494F-AEE9-2BF447E8A165}
		{47CD8CFB-243F-402E-8903-4EB8563C80ED} = {E393395C-C5C2-494F-AEE9-2BF447E8A165}
		{7F55A386-BB74-4970-8A2B-1BA924D7E3E6} = {E393395C-C5C2-494F-AEE9-2BF447E8A165}
		{B8F874F8-51E4-4CB1-810E-56A2573C0E62} = {E393395C-C5C2-494F-AEE9-2BF447E8A165}
		{41F32E32-1CC4-4A6F-B63C-C6F3C2957E1E} = {E393395C-C5C2-494F-AEE9-2BF447E8A165}
		{3B57666C-CDBC-4ED1-92E2-325B81896D40} = {E393395C-C5C2-494F-AEE9-2BF447E8A165}
		{2FEDE8EE-3823-46DB-8211-12511C3B89C0} = {E393395C-C5C2-494F-AEE9-2BF447E8A165}
		{3EFF82D0-76EA-4C2F-A12A-E8899BEE0EE4} = {E393395C-C5C2-494F-AEE9-2BF447E8A165}
		{3D1C3AB0-EE06-47F0-BD65-221035052282} = {E393395C-C5C2-494F-AEE9-2BF447E8A165}
		{5A2218D9-5B67-49F6-B129-8946F11BA61E} = {E393395C-C5C2-494F-AEE9-2BF447E8A165}
		{A0E36A5C-9A83-4B6D-95F0-4F8E0D790E69} = {E393395C-C5C2-494F-AEE9-2BF447E8A165}
		{264C408B-8322-45DA-A14A-2A71B5C50FBB} = {E393395C-C5C2-494F-AEE9-2BF447E8A165}
		{F71D54FB-5C49-4B87-B688-99CA71224B25} = {E393395C-C5C2-494F-AEE9-2BF447E8A165}
		{C3BBB285-7BD2-4DF0-8E07-771F18B6951E} = {E393395C-C5C2-494F-AEE9-2BF447E8A165}
		{41D6FEAB-B43C-4353-9172-FB33478DA01B} = {E393395C-C5C2-494F-AEE9-2BF447E8A165}
		{1139721B-8849-428B-8FB5-440582084625} = {E393395C-C5C2-494F-AEE9-2BF447E8A165}
		{C2F86B91-8C36-461D-BD77-A02B45A4EBDF} = {E393395C-C5C2-494F-AEE9-2BF447E8A165}
		{8048214F-A07F-4638-8397-3FFFF520A415} = {E393395C-C5C2-494F-AEE9-2BF447E8A165}
		{107C0366-3A00-4CDC-A96E-8F879FA399A8} = {E393395C-C5C2-494F-AEE9-2BF447E8A165}
		{E5D65CB4-ED41-4740-9FB5-5E4B0D626143} = {E393395C-C5C2-494F-AEE9-2BF447E8A165}
		{CAB3E3F3-F6B7-402D-AA5C-87C8836E2164} = {E393395C-C5C2-494F-AEE9-2BF447E8A165}
		{42A57F75-C89B-4546-BFD1-39A2CBD1C59D} = {E393395C-C5C2-494F-AEE9-2BF447E8A165}
		{037A5519-A91F-43E8-B74C-B265D7B8F357} = {E393395C-C5C2-494F-AEE9-2BF447E8A165}
		{D5088530-7197-455A-9295-095C80C8ACB0} = {E393395C-C5C2-494F-AEE9-2BF447E8A165}
		{413AAC80-17D2-4B24-BF9E-B304621ADE94} = {E393395C-C5C2-494F-AEE9-2BF447E8A165}
		{94662DAF-E390-4337-928D-76B77627EDFF} = {E393395C-C5C2-494F-AEE9-2BF447E8A165}
		{E904DC60-B1D4-4E39-8A4F-A9AE743FD378} = {E393395C-C5C2-494F-AEE9-2BF447E8A165}
		{3A44D045-7AB0-428A-80BE-795F90343184} = {E393395C-C5C2-494F-AEE9-2BF447E8A165}
		{D615DA9D-86B1-4E9E-8241-498B84151DC1} = {E393395C-C5C2-494F-AEE9-2BF447E8A165}
		{A23CDE03-2942-4A88-9DBF-CC13DE99C97F} = {E393395C-C5C2-494F-AEE9-2BF447E8A165}
		{B7FF0C10-F2ED-4A5B-90AE-7F92F24F951F} = {E393395C-C5C2-494F-AEE9-2BF447E8A165}
		{053F43DF-6903-42AF-AE21-0F3F7B2EC15D} = {E393395C-C5C2-494F-AEE9-2BF447E8A165}
		{18430D50-18F5-4FAC-ABA8-69AA0CCA845E} = {E393395C-C5C2-494F-AEE9-2BF447E8A165}
		{5A9730E8-4A19-46B2-BB9A-4151B62E16DB} = {E393395C-C5C2-494F-AEE9-2BF447E8A165}
		{7B0C79EF-BE59-4F9C-AEFC-23B7187114B4} = {E393395C-C5C2-494F-AEE9-2BF447E8A165}
		{7E010C68-A2B7-4F38-9355-04237FE221D6} = {E393395C-C5C2-494F-AEE9-2BF447E8A165}
		{9EA254F1-0F2A-43DF-A045-FCED43E949F2} = {E393395C-C5C2-494F-AEE9-2BF447E8A165}
		{5E67E0EC-E3DD-4344-AEF6-F80C9474A9BE} = {E393395C-C5C2-494F-AEE9-2BF447E8A165}
		{852ADD98-B328-4FF5-B7C1-45F94AA3A448} = {E393395C-C5C2-494F-AEE9-2BF447E8A165}
		{48213A7B-666A-4B5D-B752-46334B1E5E90} = {E393395C-C5C2-494F-AEE9-2BF447E8A165}
		{B98E8346-F471-4EAD-94A3-602CE2782A5E} = {E393395C-C5C2-494F-AEE9-2BF447E8A165}
		{6CF3BB91-9C6D-4FBA-9670-B163D1015847} = {E393395C-C5C2-494F-AEE9-2BF447E8A165}
		{DD5DFE2B-C7D8-4217-B6B4-E24FDD608168} = {E393395C-C5C2-494F-AEE9-2BF447E8A165}
		{8DB47AE2-3651-4E7D-AEBF-DA04E47296B1} = {E393395C-C5C2-494F-AEE9-2BF447E8A165}
		{38C6F4DA-06F6-4DD8-98C0-1BCA4707733C} = {E393395C-C5C2-494F-AEE9-2BF447E8A165}
		{C599B15B-4C75-4F9C-AA77-F1134E604970} = {E393395C-C5C2-494F-AEE9-2BF447E8A165}
		{406B7B24-F53D-4E3B-8726-9AF288987F8F} = {E393395C-C5C2-494F-AEE9-2BF447E8A165}
		{79D3B5B7-3EAE-4D75-A1F2-0D19E97EB183} = {E393395C-C5C2-494F-AEE9-2BF447E8A165}
		{42562EBC-3C14-4160-AA1A-DFB8E14FB169} = {E393395C-C5C2-494F-AEE9-2BF447E8A165}
		{3D9853F0-FD17-433B-BDFE-57A8D7471AC4} = {E393395C-C5C2-494F-AEE9-2BF447E8A165}
		{67EBBA20-9211-4EBF-AB55-5A0C13038216} = {E393395C-C5C2-494F-AEE9-2BF447E8A165}
		{1ABA493A-0D6F-42EA-9D21-18DE57A30884} = {E393395C-C5C2-494F-AEE9-2BF447E8A165}
		{5C414E41-C524-4B03-881A-D21954CBEDDE} = {E393395C-C5C2-494F-AEE9-2BF447E8A165}
		{C9F8976A-781A-4613-9AF6-86AE2E5F0EAB} = {E393395C-C5C2-494F-AEE9-2BF447E8A165}
		{099471A0-0B2C-484C-9361-4C8F14920498} = {E393395C-C5C2-494F-AEE9-2BF447E8A165}
		{5C220957-9472-42B7-A464-94EF20E19770} = {E393395C-C5C2-494F-AEE9-2BF447E8A165}
		{C47846B6-E442-4DE2-AD1C-3EA1BBAA89CF} = {E393395C-C5C2-494F-AEE9-2BF447E8A165}
		{B6FD65C2-0B27-4D8E-ADCB-0C3B65CB1482} = {E393395C-C5C2-494F-AEE9-2BF447E8A165}
		{32481672-2B6A-4C5F-9360-4AEBA769B624} = {E393395C-C5C2-494F-AEE9-2BF447E8A165}
		{C86F2535-DED4-4F07-B5E7-014EEBE69313} = {E393395C-C5C2-494F-AEE9-2BF447E8A165}
		{F26FCA99-52B3-4CA9-9137-27DACD82060A} = {E393395C-C5C2-494F-AEE9-2BF447E8A165}
		{5791795F-4A2F-40EC-98B4-31B1B68EFADA} = {E393395C-C5C2-494F-AEE9-2BF447E8A165}
		{8BFF763D-0B2E-46FA-ADC1-9C3480423DE7} = {E393395C-C5C2-494F-AEE9-2BF447E8A165}
		{7849DACC-21A1-4E85-BD67-085F651A668A} = {E393395C-C5C2-494F-AEE9-2BF447E8A165}
		{DEBCD578-14F4-4140-A183-B25833187311} = {E393395C-C5C2-494F-AEE9-2BF447E8A165}
		{0A85D12E-80AA-4608-9FCF-7DF72EA78258} = {E393395C-C5C2-494F-AEE9-2BF447E8A165}
		{69547942-8644-41DE-BAD0-2729545A06F3} = {E393395C-C5C2-494F-AEE9-2BF447E8A165}
		{2E36C1EC-DD91-4675-BF64-2B8547979836} = {E393395C-C5C2-494F-AEE9-2BF447E8A165}
		{05BC4310-2E79-48CB-AA97-414675289DF5} = {E393395C-C5C2-494F-AEE9-2BF447E8A165}
		{943CA5E8-055E-4C3F-B892-30FBAC270C8E} = {E393395C-C5C2-494F-AEE9-2BF447E8A165}
	EndGlobalSection
	GlobalSection(SolutionConfigurationPlatforms) = preSolution
		Debug|Any CPU = Debug|Any CPU
		Release|Any CPU = Release|Any CPU
	EndGlobalSection
	GlobalSection(ProjectConfigurationPlatforms) = postSolution
		{AAA7E669-9EAA-438B-8EF8-905071026BC0}.Debug|Any CPU.ActiveCfg = Debug|Any CPU
		{AAA7E669-9EAA-438B-8EF8-905071026BC0}.Debug|Any CPU.Build.0 = Debug|Any CPU
		{AAA7E669-9EAA-438B-8EF8-905071026BC0}.Release|Any CPU.ActiveCfg = Release|Any CPU
		{AAA7E669-9EAA-438B-8EF8-905071026BC0}.Release|Any CPU.Build.0 = Release|Any CPU
		{36B41A9E-27E9-40E7-859B-BAEA2895DBC6}.Debug|Any CPU.ActiveCfg = Debug|Any CPU
		{36B41A9E-27E9-40E7-859B-BAEA2895DBC6}.Debug|Any CPU.Build.0 = Debug|Any CPU
		{36B41A9E-27E9-40E7-859B-BAEA2895DBC6}.Release|Any CPU.ActiveCfg = Release|Any CPU
		{36B41A9E-27E9-40E7-859B-BAEA2895DBC6}.Release|Any CPU.Build.0 = Release|Any CPU
		{591FBEB9-F4E8-4DA8-B227-5F1EA839B3FE}.Debug|Any CPU.ActiveCfg = Debug|Any CPU
		{591FBEB9-F4E8-4DA8-B227-5F1EA839B3FE}.Debug|Any CPU.Build.0 = Debug|Any CPU
		{591FBEB9-F4E8-4DA8-B227-5F1EA839B3FE}.Release|Any CPU.ActiveCfg = Release|Any CPU
		{591FBEB9-F4E8-4DA8-B227-5F1EA839B3FE}.Release|Any CPU.Build.0 = Release|Any CPU
		{3A7D0429-68C7-4139-8602-1BEFF5DF770B}.Debug|Any CPU.ActiveCfg = Debug|Any CPU
		{3A7D0429-68C7-4139-8602-1BEFF5DF770B}.Debug|Any CPU.Build.0 = Debug|Any CPU
		{3A7D0429-68C7-4139-8602-1BEFF5DF770B}.Release|Any CPU.ActiveCfg = Release|Any CPU
		{3A7D0429-68C7-4139-8602-1BEFF5DF770B}.Release|Any CPU.Build.0 = Release|Any CPU
		{FD04462A-80B2-4B27-AF0B-4DA7A2F675F8}.Debug|Any CPU.ActiveCfg = Debug|Any CPU
		{FD04462A-80B2-4B27-AF0B-4DA7A2F675F8}.Debug|Any CPU.Build.0 = Debug|Any CPU
		{FD04462A-80B2-4B27-AF0B-4DA7A2F675F8}.Release|Any CPU.ActiveCfg = Release|Any CPU
		{FD04462A-80B2-4B27-AF0B-4DA7A2F675F8}.Release|Any CPU.Build.0 = Release|Any CPU
		{C4E935C1-AEAC-4515-AFAA-514E0378B132}.Debug|Any CPU.ActiveCfg = Debug|Any CPU
		{C4E935C1-AEAC-4515-AFAA-514E0378B132}.Debug|Any CPU.Build.0 = Debug|Any CPU
		{C4E935C1-AEAC-4515-AFAA-514E0378B132}.Release|Any CPU.ActiveCfg = Release|Any CPU
		{C4E935C1-AEAC-4515-AFAA-514E0378B132}.Release|Any CPU.Build.0 = Release|Any CPU
		{8B3AC431-8EB9-4B8E-ACDD-070BB31B5498}.Debug|Any CPU.ActiveCfg = Debug|Any CPU
		{8B3AC431-8EB9-4B8E-ACDD-070BB31B5498}.Debug|Any CPU.Build.0 = Debug|Any CPU
		{8B3AC431-8EB9-4B8E-ACDD-070BB31B5498}.Release|Any CPU.ActiveCfg = Release|Any CPU
		{8B3AC431-8EB9-4B8E-ACDD-070BB31B5498}.Release|Any CPU.Build.0 = Release|Any CPU
		{D054B513-03A5-4922-9342-A49EE5436D96}.Debug|Any CPU.ActiveCfg = Debug|Any CPU
		{D054B513-03A5-4922-9342-A49EE5436D96}.Debug|Any CPU.Build.0 = Debug|Any CPU
		{D054B513-03A5-4922-9342-A49EE5436D96}.Release|Any CPU.ActiveCfg = Release|Any CPU
		{D054B513-03A5-4922-9342-A49EE5436D96}.Release|Any CPU.Build.0 = Release|Any CPU
		{25AC0C12-9D31-401B-BC4A-D1170ACF8139}.Debug|Any CPU.ActiveCfg = Debug|Any CPU
		{25AC0C12-9D31-401B-BC4A-D1170ACF8139}.Debug|Any CPU.Build.0 = Debug|Any CPU
		{25AC0C12-9D31-401B-BC4A-D1170ACF8139}.Release|Any CPU.ActiveCfg = Release|Any CPU
		{25AC0C12-9D31-401B-BC4A-D1170ACF8139}.Release|Any CPU.Build.0 = Release|Any CPU
		{25A9904C-B979-400D-B174-437AE45C347D}.Debug|Any CPU.ActiveCfg = Debug|Any CPU
		{25A9904C-B979-400D-B174-437AE45C347D}.Debug|Any CPU.Build.0 = Debug|Any CPU
		{25A9904C-B979-400D-B174-437AE45C347D}.Release|Any CPU.ActiveCfg = Release|Any CPU
		{25A9904C-B979-400D-B174-437AE45C347D}.Release|Any CPU.Build.0 = Release|Any CPU
		{C6AE57C8-AEAA-449D-99B6-55FCA413017E}.Debug|Any CPU.ActiveCfg = Debug|Any CPU
		{C6AE57C8-AEAA-449D-99B6-55FCA413017E}.Debug|Any CPU.Build.0 = Debug|Any CPU
		{C6AE57C8-AEAA-449D-99B6-55FCA413017E}.Release|Any CPU.ActiveCfg = Release|Any CPU
		{C6AE57C8-AEAA-449D-99B6-55FCA413017E}.Release|Any CPU.Build.0 = Release|Any CPU
		{207DEC62-74D2-4806-9A1B-11CD898155F1}.Debug|Any CPU.ActiveCfg = Debug|Any CPU
		{207DEC62-74D2-4806-9A1B-11CD898155F1}.Debug|Any CPU.Build.0 = Debug|Any CPU
		{207DEC62-74D2-4806-9A1B-11CD898155F1}.Release|Any CPU.ActiveCfg = Release|Any CPU
		{207DEC62-74D2-4806-9A1B-11CD898155F1}.Release|Any CPU.Build.0 = Release|Any CPU
		{F16640AD-EC63-494B-B29C-DFF1753A522F}.Debug|Any CPU.ActiveCfg = Debug|Any CPU
		{F16640AD-EC63-494B-B29C-DFF1753A522F}.Debug|Any CPU.Build.0 = Debug|Any CPU
		{F16640AD-EC63-494B-B29C-DFF1753A522F}.Release|Any CPU.ActiveCfg = Release|Any CPU
		{F16640AD-EC63-494B-B29C-DFF1753A522F}.Release|Any CPU.Build.0 = Release|Any CPU
		{F7F5D8B5-D927-44FC-BC66-CDC7567CBA6B}.Debug|Any CPU.ActiveCfg = Debug|Any CPU
		{F7F5D8B5-D927-44FC-BC66-CDC7567CBA6B}.Debug|Any CPU.Build.0 = Debug|Any CPU
		{F7F5D8B5-D927-44FC-BC66-CDC7567CBA6B}.Release|Any CPU.ActiveCfg = Release|Any CPU
		{F7F5D8B5-D927-44FC-BC66-CDC7567CBA6B}.Release|Any CPU.Build.0 = Release|Any CPU
		{A14EF017-2593-4945-B5FE-6EA8E2187DA3}.Debug|Any CPU.ActiveCfg = Debug|Any CPU
		{A14EF017-2593-4945-B5FE-6EA8E2187DA3}.Debug|Any CPU.Build.0 = Debug|Any CPU
		{A14EF017-2593-4945-B5FE-6EA8E2187DA3}.Release|Any CPU.ActiveCfg = Release|Any CPU
		{A14EF017-2593-4945-B5FE-6EA8E2187DA3}.Release|Any CPU.Build.0 = Release|Any CPU
		{A32B10CA-88B5-4F91-9345-5009BD3B7BCF}.Debug|Any CPU.ActiveCfg = Debug|Any CPU
		{A32B10CA-88B5-4F91-9345-5009BD3B7BCF}.Debug|Any CPU.Build.0 = Debug|Any CPU
		{A32B10CA-88B5-4F91-9345-5009BD3B7BCF}.Release|Any CPU.ActiveCfg = Release|Any CPU
		{A32B10CA-88B5-4F91-9345-5009BD3B7BCF}.Release|Any CPU.Build.0 = Release|Any CPU
		{ACDFCECA-6845-48B8-9493-B5A2D2326218}.Debug|Any CPU.ActiveCfg = Debug|Any CPU
		{ACDFCECA-6845-48B8-9493-B5A2D2326218}.Debug|Any CPU.Build.0 = Debug|Any CPU
		{ACDFCECA-6845-48B8-9493-B5A2D2326218}.Release|Any CPU.ActiveCfg = Release|Any CPU
		{ACDFCECA-6845-48B8-9493-B5A2D2326218}.Release|Any CPU.Build.0 = Release|Any CPU
		{03C0C8D4-0F22-4592-8FD0-37EE48C12588}.Debug|Any CPU.ActiveCfg = Debug|Any CPU
		{03C0C8D4-0F22-4592-8FD0-37EE48C12588}.Debug|Any CPU.Build.0 = Debug|Any CPU
		{03C0C8D4-0F22-4592-8FD0-37EE48C12588}.Release|Any CPU.ActiveCfg = Release|Any CPU
		{03C0C8D4-0F22-4592-8FD0-37EE48C12588}.Release|Any CPU.Build.0 = Release|Any CPU
		{08728261-DD7E-4523-81D3-01FCA253EDAF}.Debug|Any CPU.ActiveCfg = Debug|Any CPU
		{08728261-DD7E-4523-81D3-01FCA253EDAF}.Debug|Any CPU.Build.0 = Debug|Any CPU
		{08728261-DD7E-4523-81D3-01FCA253EDAF}.Release|Any CPU.ActiveCfg = Release|Any CPU
		{08728261-DD7E-4523-81D3-01FCA253EDAF}.Release|Any CPU.Build.0 = Release|Any CPU
		{855A8B39-BD96-41DD-9D4E-15E97EA7E9CE}.Debug|Any CPU.ActiveCfg = Debug|Any CPU
		{855A8B39-BD96-41DD-9D4E-15E97EA7E9CE}.Debug|Any CPU.Build.0 = Debug|Any CPU
		{855A8B39-BD96-41DD-9D4E-15E97EA7E9CE}.Release|Any CPU.ActiveCfg = Release|Any CPU
		{855A8B39-BD96-41DD-9D4E-15E97EA7E9CE}.Release|Any CPU.Build.0 = Release|Any CPU
		{56980259-758C-4476-A245-85BA24353B82}.Debug|Any CPU.ActiveCfg = Debug|Any CPU
		{56980259-758C-4476-A245-85BA24353B82}.Debug|Any CPU.Build.0 = Debug|Any CPU
		{56980259-758C-4476-A245-85BA24353B82}.Release|Any CPU.ActiveCfg = Release|Any CPU
		{56980259-758C-4476-A245-85BA24353B82}.Release|Any CPU.Build.0 = Release|Any CPU
		{4CEFD126-91C3-4EA5-B2F5-1F63B2794235}.Debug|Any CPU.ActiveCfg = Debug|Any CPU
		{4CEFD126-91C3-4EA5-B2F5-1F63B2794235}.Debug|Any CPU.Build.0 = Debug|Any CPU
		{4CEFD126-91C3-4EA5-B2F5-1F63B2794235}.Release|Any CPU.ActiveCfg = Release|Any CPU
		{4CEFD126-91C3-4EA5-B2F5-1F63B2794235}.Release|Any CPU.Build.0 = Release|Any CPU
		{28DC92CF-2F08-43E9-A300-A8048F2A0F57}.Debug|Any CPU.ActiveCfg = Debug|Any CPU
		{28DC92CF-2F08-43E9-A300-A8048F2A0F57}.Debug|Any CPU.Build.0 = Debug|Any CPU
		{28DC92CF-2F08-43E9-A300-A8048F2A0F57}.Release|Any CPU.ActiveCfg = Release|Any CPU
		{28DC92CF-2F08-43E9-A300-A8048F2A0F57}.Release|Any CPU.Build.0 = Release|Any CPU
		{B76ED368-9072-4AF4-B9EF-3D32FBC2901A}.Debug|Any CPU.ActiveCfg = Debug|Any CPU
		{B76ED368-9072-4AF4-B9EF-3D32FBC2901A}.Debug|Any CPU.Build.0 = Debug|Any CPU
		{B76ED368-9072-4AF4-B9EF-3D32FBC2901A}.Release|Any CPU.ActiveCfg = Release|Any CPU
		{B76ED368-9072-4AF4-B9EF-3D32FBC2901A}.Release|Any CPU.Build.0 = Release|Any CPU
		{47CD8CFB-243F-402E-8903-4EB8563C80ED}.Debug|Any CPU.ActiveCfg = Debug|Any CPU
		{47CD8CFB-243F-402E-8903-4EB8563C80ED}.Debug|Any CPU.Build.0 = Debug|Any CPU
		{47CD8CFB-243F-402E-8903-4EB8563C80ED}.Release|Any CPU.ActiveCfg = Release|Any CPU
		{47CD8CFB-243F-402E-8903-4EB8563C80ED}.Release|Any CPU.Build.0 = Release|Any CPU
		{7F55A386-BB74-4970-8A2B-1BA924D7E3E6}.Debug|Any CPU.ActiveCfg = Debug|Any CPU
		{7F55A386-BB74-4970-8A2B-1BA924D7E3E6}.Debug|Any CPU.Build.0 = Debug|Any CPU
		{7F55A386-BB74-4970-8A2B-1BA924D7E3E6}.Release|Any CPU.ActiveCfg = Release|Any CPU
		{7F55A386-BB74-4970-8A2B-1BA924D7E3E6}.Release|Any CPU.Build.0 = Release|Any CPU
		{B8F874F8-51E4-4CB1-810E-56A2573C0E62}.Debug|Any CPU.ActiveCfg = Debug|Any CPU
		{B8F874F8-51E4-4CB1-810E-56A2573C0E62}.Debug|Any CPU.Build.0 = Debug|Any CPU
		{B8F874F8-51E4-4CB1-810E-56A2573C0E62}.Release|Any CPU.ActiveCfg = Release|Any CPU
		{B8F874F8-51E4-4CB1-810E-56A2573C0E62}.Release|Any CPU.Build.0 = Release|Any CPU
		{41F32E32-1CC4-4A6F-B63C-C6F3C2957E1E}.Debug|Any CPU.ActiveCfg = Debug|Any CPU
		{41F32E32-1CC4-4A6F-B63C-C6F3C2957E1E}.Debug|Any CPU.Build.0 = Debug|Any CPU
		{41F32E32-1CC4-4A6F-B63C-C6F3C2957E1E}.Release|Any CPU.ActiveCfg = Release|Any CPU
		{41F32E32-1CC4-4A6F-B63C-C6F3C2957E1E}.Release|Any CPU.Build.0 = Release|Any CPU
		{3B57666C-CDBC-4ED1-92E2-325B81896D40}.Debug|Any CPU.ActiveCfg = Debug|Any CPU
		{3B57666C-CDBC-4ED1-92E2-325B81896D40}.Debug|Any CPU.Build.0 = Debug|Any CPU
		{3B57666C-CDBC-4ED1-92E2-325B81896D40}.Release|Any CPU.ActiveCfg = Release|Any CPU
		{3B57666C-CDBC-4ED1-92E2-325B81896D40}.Release|Any CPU.Build.0 = Release|Any CPU
		{2FEDE8EE-3823-46DB-8211-12511C3B89C0}.Debug|Any CPU.ActiveCfg = Debug|Any CPU
		{2FEDE8EE-3823-46DB-8211-12511C3B89C0}.Debug|Any CPU.Build.0 = Debug|Any CPU
		{2FEDE8EE-3823-46DB-8211-12511C3B89C0}.Release|Any CPU.ActiveCfg = Release|Any CPU
		{2FEDE8EE-3823-46DB-8211-12511C3B89C0}.Release|Any CPU.Build.0 = Release|Any CPU
		{3EFF82D0-76EA-4C2F-A12A-E8899BEE0EE4}.Debug|Any CPU.ActiveCfg = Debug|Any CPU
		{3EFF82D0-76EA-4C2F-A12A-E8899BEE0EE4}.Debug|Any CPU.Build.0 = Debug|Any CPU
		{3EFF82D0-76EA-4C2F-A12A-E8899BEE0EE4}.Release|Any CPU.ActiveCfg = Release|Any CPU
		{3EFF82D0-76EA-4C2F-A12A-E8899BEE0EE4}.Release|Any CPU.Build.0 = Release|Any CPU
		{3D1C3AB0-EE06-47F0-BD65-221035052282}.Debug|Any CPU.ActiveCfg = Debug|Any CPU
		{3D1C3AB0-EE06-47F0-BD65-221035052282}.Debug|Any CPU.Build.0 = Debug|Any CPU
		{3D1C3AB0-EE06-47F0-BD65-221035052282}.Release|Any CPU.ActiveCfg = Release|Any CPU
		{3D1C3AB0-EE06-47F0-BD65-221035052282}.Release|Any CPU.Build.0 = Release|Any CPU
		{5A2218D9-5B67-49F6-B129-8946F11BA61E}.Debug|Any CPU.ActiveCfg = Debug|Any CPU
		{5A2218D9-5B67-49F6-B129-8946F11BA61E}.Debug|Any CPU.Build.0 = Debug|Any CPU
		{5A2218D9-5B67-49F6-B129-8946F11BA61E}.Release|Any CPU.ActiveCfg = Release|Any CPU
		{5A2218D9-5B67-49F6-B129-8946F11BA61E}.Release|Any CPU.Build.0 = Release|Any CPU
		{A0E36A5C-9A83-4B6D-95F0-4F8E0D790E69}.Debug|Any CPU.ActiveCfg = Debug|Any CPU
		{A0E36A5C-9A83-4B6D-95F0-4F8E0D790E69}.Debug|Any CPU.Build.0 = Debug|Any CPU
		{A0E36A5C-9A83-4B6D-95F0-4F8E0D790E69}.Release|Any CPU.ActiveCfg = Release|Any CPU
		{A0E36A5C-9A83-4B6D-95F0-4F8E0D790E69}.Release|Any CPU.Build.0 = Release|Any CPU
		{264C408B-8322-45DA-A14A-2A71B5C50FBB}.Debug|Any CPU.ActiveCfg = Debug|Any CPU
		{264C408B-8322-45DA-A14A-2A71B5C50FBB}.Debug|Any CPU.Build.0 = Debug|Any CPU
		{264C408B-8322-45DA-A14A-2A71B5C50FBB}.Release|Any CPU.ActiveCfg = Release|Any CPU
		{264C408B-8322-45DA-A14A-2A71B5C50FBB}.Release|Any CPU.Build.0 = Release|Any CPU
		{F71D54FB-5C49-4B87-B688-99CA71224B25}.Debug|Any CPU.ActiveCfg = Debug|Any CPU
		{F71D54FB-5C49-4B87-B688-99CA71224B25}.Debug|Any CPU.Build.0 = Debug|Any CPU
		{F71D54FB-5C49-4B87-B688-99CA71224B25}.Release|Any CPU.ActiveCfg = Release|Any CPU
		{F71D54FB-5C49-4B87-B688-99CA71224B25}.Release|Any CPU.Build.0 = Release|Any CPU
		{C3BBB285-7BD2-4DF0-8E07-771F18B6951E}.Debug|Any CPU.ActiveCfg = Debug|Any CPU
		{C3BBB285-7BD2-4DF0-8E07-771F18B6951E}.Debug|Any CPU.Build.0 = Debug|Any CPU
		{C3BBB285-7BD2-4DF0-8E07-771F18B6951E}.Release|Any CPU.ActiveCfg = Release|Any CPU
		{C3BBB285-7BD2-4DF0-8E07-771F18B6951E}.Release|Any CPU.Build.0 = Release|Any CPU
		{41D6FEAB-B43C-4353-9172-FB33478DA01B}.Debug|Any CPU.ActiveCfg = Debug|Any CPU
		{41D6FEAB-B43C-4353-9172-FB33478DA01B}.Debug|Any CPU.Build.0 = Debug|Any CPU
		{41D6FEAB-B43C-4353-9172-FB33478DA01B}.Release|Any CPU.ActiveCfg = Release|Any CPU
		{41D6FEAB-B43C-4353-9172-FB33478DA01B}.Release|Any CPU.Build.0 = Release|Any CPU
		{1139721B-8849-428B-8FB5-440582084625}.Debug|Any CPU.ActiveCfg = Debug|Any CPU
		{1139721B-8849-428B-8FB5-440582084625}.Debug|Any CPU.Build.0 = Debug|Any CPU
		{1139721B-8849-428B-8FB5-440582084625}.Release|Any CPU.ActiveCfg = Release|Any CPU
		{1139721B-8849-428B-8FB5-440582084625}.Release|Any CPU.Build.0 = Release|Any CPU
		{C2F86B91-8C36-461D-BD77-A02B45A4EBDF}.Debug|Any CPU.ActiveCfg = Debug|Any CPU
		{C2F86B91-8C36-461D-BD77-A02B45A4EBDF}.Debug|Any CPU.Build.0 = Debug|Any CPU
		{C2F86B91-8C36-461D-BD77-A02B45A4EBDF}.Release|Any CPU.ActiveCfg = Release|Any CPU
		{C2F86B91-8C36-461D-BD77-A02B45A4EBDF}.Release|Any CPU.Build.0 = Release|Any CPU
		{8048214F-A07F-4638-8397-3FFFF520A415}.Debug|Any CPU.ActiveCfg = Debug|Any CPU
		{8048214F-A07F-4638-8397-3FFFF520A415}.Debug|Any CPU.Build.0 = Debug|Any CPU
		{8048214F-A07F-4638-8397-3FFFF520A415}.Release|Any CPU.ActiveCfg = Release|Any CPU
		{8048214F-A07F-4638-8397-3FFFF520A415}.Release|Any CPU.Build.0 = Release|Any CPU
		{107C0366-3A00-4CDC-A96E-8F879FA399A8}.Debug|Any CPU.ActiveCfg = Debug|Any CPU
		{107C0366-3A00-4CDC-A96E-8F879FA399A8}.Debug|Any CPU.Build.0 = Debug|Any CPU
		{107C0366-3A00-4CDC-A96E-8F879FA399A8}.Release|Any CPU.ActiveCfg = Release|Any CPU
		{107C0366-3A00-4CDC-A96E-8F879FA399A8}.Release|Any CPU.Build.0 = Release|Any CPU
		{E5D65CB4-ED41-4740-9FB5-5E4B0D626143}.Debug|Any CPU.ActiveCfg = Debug|Any CPU
		{E5D65CB4-ED41-4740-9FB5-5E4B0D626143}.Debug|Any CPU.Build.0 = Debug|Any CPU
		{E5D65CB4-ED41-4740-9FB5-5E4B0D626143}.Release|Any CPU.ActiveCfg = Release|Any CPU
		{E5D65CB4-ED41-4740-9FB5-5E4B0D626143}.Release|Any CPU.Build.0 = Release|Any CPU
		{CAB3E3F3-F6B7-402D-AA5C-87C8836E2164}.Debug|Any CPU.ActiveCfg = Debug|Any CPU
		{CAB3E3F3-F6B7-402D-AA5C-87C8836E2164}.Debug|Any CPU.Build.0 = Debug|Any CPU
		{CAB3E3F3-F6B7-402D-AA5C-87C8836E2164}.Release|Any CPU.ActiveCfg = Release|Any CPU
		{CAB3E3F3-F6B7-402D-AA5C-87C8836E2164}.Release|Any CPU.Build.0 = Release|Any CPU
		{42A57F75-C89B-4546-BFD1-39A2CBD1C59D}.Debug|Any CPU.ActiveCfg = Debug|Any CPU
		{42A57F75-C89B-4546-BFD1-39A2CBD1C59D}.Debug|Any CPU.Build.0 = Debug|Any CPU
		{42A57F75-C89B-4546-BFD1-39A2CBD1C59D}.Release|Any CPU.ActiveCfg = Release|Any CPU
		{42A57F75-C89B-4546-BFD1-39A2CBD1C59D}.Release|Any CPU.Build.0 = Release|Any CPU
		{037A5519-A91F-43E8-B74C-B265D7B8F357}.Debug|Any CPU.ActiveCfg = Debug|Any CPU
		{037A5519-A91F-43E8-B74C-B265D7B8F357}.Debug|Any CPU.Build.0 = Debug|Any CPU
		{037A5519-A91F-43E8-B74C-B265D7B8F357}.Release|Any CPU.ActiveCfg = Release|Any CPU
		{037A5519-A91F-43E8-B74C-B265D7B8F357}.Release|Any CPU.Build.0 = Release|Any CPU
		{D5088530-7197-455A-9295-095C80C8ACB0}.Debug|Any CPU.ActiveCfg = Debug|Any CPU
		{D5088530-7197-455A-9295-095C80C8ACB0}.Debug|Any CPU.Build.0 = Debug|Any CPU
		{D5088530-7197-455A-9295-095C80C8ACB0}.Release|Any CPU.ActiveCfg = Release|Any CPU
		{D5088530-7197-455A-9295-095C80C8ACB0}.Release|Any CPU.Build.0 = Release|Any CPU
		{413AAC80-17D2-4B24-BF9E-B304621ADE94}.Debug|Any CPU.ActiveCfg = Debug|Any CPU
		{413AAC80-17D2-4B24-BF9E-B304621ADE94}.Debug|Any CPU.Build.0 = Debug|Any CPU
		{413AAC80-17D2-4B24-BF9E-B304621ADE94}.Release|Any CPU.ActiveCfg = Release|Any CPU
		{413AAC80-17D2-4B24-BF9E-B304621ADE94}.Release|Any CPU.Build.0 = Release|Any CPU
		{94662DAF-E390-4337-928D-76B77627EDFF}.Debug|Any CPU.ActiveCfg = Debug|Any CPU
		{94662DAF-E390-4337-928D-76B77627EDFF}.Debug|Any CPU.Build.0 = Debug|Any CPU
		{94662DAF-E390-4337-928D-76B77627EDFF}.Release|Any CPU.ActiveCfg = Release|Any CPU
		{94662DAF-E390-4337-928D-76B77627EDFF}.Release|Any CPU.Build.0 = Release|Any CPU
		{E904DC60-B1D4-4E39-8A4F-A9AE743FD378}.Debug|Any CPU.ActiveCfg = Debug|Any CPU
		{E904DC60-B1D4-4E39-8A4F-A9AE743FD378}.Debug|Any CPU.Build.0 = Debug|Any CPU
		{E904DC60-B1D4-4E39-8A4F-A9AE743FD378}.Release|Any CPU.ActiveCfg = Release|Any CPU
		{E904DC60-B1D4-4E39-8A4F-A9AE743FD378}.Release|Any CPU.Build.0 = Release|Any CPU
		{3A44D045-7AB0-428A-80BE-795F90343184}.Debug|Any CPU.ActiveCfg = Debug|Any CPU
		{3A44D045-7AB0-428A-80BE-795F90343184}.Debug|Any CPU.Build.0 = Debug|Any CPU
		{3A44D045-7AB0-428A-80BE-795F90343184}.Release|Any CPU.ActiveCfg = Release|Any CPU
		{3A44D045-7AB0-428A-80BE-795F90343184}.Release|Any CPU.Build.0 = Release|Any CPU
		{D615DA9D-86B1-4E9E-8241-498B84151DC1}.Debug|Any CPU.ActiveCfg = Debug|Any CPU
		{D615DA9D-86B1-4E9E-8241-498B84151DC1}.Debug|Any CPU.Build.0 = Debug|Any CPU
		{D615DA9D-86B1-4E9E-8241-498B84151DC1}.Release|Any CPU.ActiveCfg = Release|Any CPU
		{D615DA9D-86B1-4E9E-8241-498B84151DC1}.Release|Any CPU.Build.0 = Release|Any CPU
		{A23CDE03-2942-4A88-9DBF-CC13DE99C97F}.Debug|Any CPU.ActiveCfg = Debug|Any CPU
		{A23CDE03-2942-4A88-9DBF-CC13DE99C97F}.Debug|Any CPU.Build.0 = Debug|Any CPU
		{A23CDE03-2942-4A88-9DBF-CC13DE99C97F}.Release|Any CPU.ActiveCfg = Release|Any CPU
		{A23CDE03-2942-4A88-9DBF-CC13DE99C97F}.Release|Any CPU.Build.0 = Release|Any CPU
		{B7FF0C10-F2ED-4A5B-90AE-7F92F24F951F}.Debug|Any CPU.ActiveCfg = Debug|Any CPU
		{B7FF0C10-F2ED-4A5B-90AE-7F92F24F951F}.Debug|Any CPU.Build.0 = Debug|Any CPU
		{B7FF0C10-F2ED-4A5B-90AE-7F92F24F951F}.Release|Any CPU.ActiveCfg = Release|Any CPU
		{B7FF0C10-F2ED-4A5B-90AE-7F92F24F951F}.Release|Any CPU.Build.0 = Release|Any CPU
		{053F43DF-6903-42AF-AE21-0F3F7B2EC15D}.Debug|Any CPU.ActiveCfg = Debug|Any CPU
		{053F43DF-6903-42AF-AE21-0F3F7B2EC15D}.Debug|Any CPU.Build.0 = Debug|Any CPU
		{053F43DF-6903-42AF-AE21-0F3F7B2EC15D}.Release|Any CPU.ActiveCfg = Release|Any CPU
		{053F43DF-6903-42AF-AE21-0F3F7B2EC15D}.Release|Any CPU.Build.0 = Release|Any CPU
		{18430D50-18F5-4FAC-ABA8-69AA0CCA845E}.Debug|Any CPU.ActiveCfg = Debug|Any CPU
		{18430D50-18F5-4FAC-ABA8-69AA0CCA845E}.Debug|Any CPU.Build.0 = Debug|Any CPU
		{18430D50-18F5-4FAC-ABA8-69AA0CCA845E}.Release|Any CPU.ActiveCfg = Release|Any CPU
		{18430D50-18F5-4FAC-ABA8-69AA0CCA845E}.Release|Any CPU.Build.0 = Release|Any CPU
		{5A9730E8-4A19-46B2-BB9A-4151B62E16DB}.Debug|Any CPU.ActiveCfg = Debug|Any CPU
		{5A9730E8-4A19-46B2-BB9A-4151B62E16DB}.Debug|Any CPU.Build.0 = Debug|Any CPU
		{5A9730E8-4A19-46B2-BB9A-4151B62E16DB}.Release|Any CPU.ActiveCfg = Release|Any CPU
		{5A9730E8-4A19-46B2-BB9A-4151B62E16DB}.Release|Any CPU.Build.0 = Release|Any CPU
		{7B0C79EF-BE59-4F9C-AEFC-23B7187114B4}.Debug|Any CPU.ActiveCfg = Debug|Any CPU
		{7B0C79EF-BE59-4F9C-AEFC-23B7187114B4}.Debug|Any CPU.Build.0 = Debug|Any CPU
		{7B0C79EF-BE59-4F9C-AEFC-23B7187114B4}.Release|Any CPU.ActiveCfg = Release|Any CPU
		{7B0C79EF-BE59-4F9C-AEFC-23B7187114B4}.Release|Any CPU.Build.0 = Release|Any CPU
		{7E010C68-A2B7-4F38-9355-04237FE221D6}.Debug|Any CPU.ActiveCfg = Debug|Any CPU
		{7E010C68-A2B7-4F38-9355-04237FE221D6}.Debug|Any CPU.Build.0 = Debug|Any CPU
		{7E010C68-A2B7-4F38-9355-04237FE221D6}.Release|Any CPU.ActiveCfg = Release|Any CPU
		{7E010C68-A2B7-4F38-9355-04237FE221D6}.Release|Any CPU.Build.0 = Release|Any CPU
		{9EA254F1-0F2A-43DF-A045-FCED43E949F2}.Debug|Any CPU.ActiveCfg = Debug|Any CPU
		{9EA254F1-0F2A-43DF-A045-FCED43E949F2}.Debug|Any CPU.Build.0 = Debug|Any CPU
		{9EA254F1-0F2A-43DF-A045-FCED43E949F2}.Release|Any CPU.ActiveCfg = Release|Any CPU
		{9EA254F1-0F2A-43DF-A045-FCED43E949F2}.Release|Any CPU.Build.0 = Release|Any CPU
		{5E67E0EC-E3DD-4344-AEF6-F80C9474A9BE}.Debug|Any CPU.ActiveCfg = Debug|Any CPU
		{5E67E0EC-E3DD-4344-AEF6-F80C9474A9BE}.Debug|Any CPU.Build.0 = Debug|Any CPU
		{5E67E0EC-E3DD-4344-AEF6-F80C9474A9BE}.Release|Any CPU.ActiveCfg = Release|Any CPU
		{5E67E0EC-E3DD-4344-AEF6-F80C9474A9BE}.Release|Any CPU.Build.0 = Release|Any CPU
		{852ADD98-B328-4FF5-B7C1-45F94AA3A448}.Debug|Any CPU.ActiveCfg = Debug|Any CPU
		{852ADD98-B328-4FF5-B7C1-45F94AA3A448}.Debug|Any CPU.Build.0 = Debug|Any CPU
		{852ADD98-B328-4FF5-B7C1-45F94AA3A448}.Release|Any CPU.ActiveCfg = Release|Any CPU
		{852ADD98-B328-4FF5-B7C1-45F94AA3A448}.Release|Any CPU.Build.0 = Release|Any CPU
		{48213A7B-666A-4B5D-B752-46334B1E5E90}.Debug|Any CPU.ActiveCfg = Debug|Any CPU
		{48213A7B-666A-4B5D-B752-46334B1E5E90}.Debug|Any CPU.Build.0 = Debug|Any CPU
		{48213A7B-666A-4B5D-B752-46334B1E5E90}.Release|Any CPU.ActiveCfg = Release|Any CPU
		{48213A7B-666A-4B5D-B752-46334B1E5E90}.Release|Any CPU.Build.0 = Release|Any CPU
		{B98E8346-F471-4EAD-94A3-602CE2782A5E}.Debug|Any CPU.ActiveCfg = Debug|Any CPU
		{B98E8346-F471-4EAD-94A3-602CE2782A5E}.Debug|Any CPU.Build.0 = Debug|Any CPU
		{B98E8346-F471-4EAD-94A3-602CE2782A5E}.Release|Any CPU.ActiveCfg = Release|Any CPU
		{B98E8346-F471-4EAD-94A3-602CE2782A5E}.Release|Any CPU.Build.0 = Release|Any CPU
		{6CF3BB91-9C6D-4FBA-9670-B163D1015847}.Debug|Any CPU.ActiveCfg = Debug|Any CPU
		{6CF3BB91-9C6D-4FBA-9670-B163D1015847}.Debug|Any CPU.Build.0 = Debug|Any CPU
		{6CF3BB91-9C6D-4FBA-9670-B163D1015847}.Release|Any CPU.ActiveCfg = Release|Any CPU
		{6CF3BB91-9C6D-4FBA-9670-B163D1015847}.Release|Any CPU.Build.0 = Release|Any CPU
		{DD5DFE2B-C7D8-4217-B6B4-E24FDD608168}.Debug|Any CPU.ActiveCfg = Debug|Any CPU
		{DD5DFE2B-C7D8-4217-B6B4-E24FDD608168}.Debug|Any CPU.Build.0 = Debug|Any CPU
		{DD5DFE2B-C7D8-4217-B6B4-E24FDD608168}.Release|Any CPU.ActiveCfg = Release|Any CPU
		{DD5DFE2B-C7D8-4217-B6B4-E24FDD608168}.Release|Any CPU.Build.0 = Release|Any CPU
		{8DB47AE2-3651-4E7D-AEBF-DA04E47296B1}.Debug|Any CPU.ActiveCfg = Debug|Any CPU
		{8DB47AE2-3651-4E7D-AEBF-DA04E47296B1}.Debug|Any CPU.Build.0 = Debug|Any CPU
		{8DB47AE2-3651-4E7D-AEBF-DA04E47296B1}.Release|Any CPU.ActiveCfg = Release|Any CPU
		{8DB47AE2-3651-4E7D-AEBF-DA04E47296B1}.Release|Any CPU.Build.0 = Release|Any CPU
		{38C6F4DA-06F6-4DD8-98C0-1BCA4707733C}.Debug|Any CPU.ActiveCfg = Debug|Any CPU
		{38C6F4DA-06F6-4DD8-98C0-1BCA4707733C}.Debug|Any CPU.Build.0 = Debug|Any CPU
		{38C6F4DA-06F6-4DD8-98C0-1BCA4707733C}.Release|Any CPU.ActiveCfg = Release|Any CPU
		{38C6F4DA-06F6-4DD8-98C0-1BCA4707733C}.Release|Any CPU.Build.0 = Release|Any CPU
		{C599B15B-4C75-4F9C-AA77-F1134E604970}.Debug|Any CPU.ActiveCfg = Debug|Any CPU
		{C599B15B-4C75-4F9C-AA77-F1134E604970}.Debug|Any CPU.Build.0 = Debug|Any CPU
		{C599B15B-4C75-4F9C-AA77-F1134E604970}.Release|Any CPU.ActiveCfg = Release|Any CPU
		{C599B15B-4C75-4F9C-AA77-F1134E604970}.Release|Any CPU.Build.0 = Release|Any CPU
		{406B7B24-F53D-4E3B-8726-9AF288987F8F}.Debug|Any CPU.ActiveCfg = Debug|Any CPU
		{406B7B24-F53D-4E3B-8726-9AF288987F8F}.Debug|Any CPU.Build.0 = Debug|Any CPU
		{406B7B24-F53D-4E3B-8726-9AF288987F8F}.Release|Any CPU.ActiveCfg = Release|Any CPU
		{406B7B24-F53D-4E3B-8726-9AF288987F8F}.Release|Any CPU.Build.0 = Release|Any CPU
		{79D3B5B7-3EAE-4D75-A1F2-0D19E97EB183}.Debug|Any CPU.ActiveCfg = Debug|Any CPU
		{79D3B5B7-3EAE-4D75-A1F2-0D19E97EB183}.Debug|Any CPU.Build.0 = Debug|Any CPU
		{79D3B5B7-3EAE-4D75-A1F2-0D19E97EB183}.Release|Any CPU.ActiveCfg = Release|Any CPU
		{79D3B5B7-3EAE-4D75-A1F2-0D19E97EB183}.Release|Any CPU.Build.0 = Release|Any CPU
		{42562EBC-3C14-4160-AA1A-DFB8E14FB169}.Debug|Any CPU.ActiveCfg = Debug|Any CPU
		{42562EBC-3C14-4160-AA1A-DFB8E14FB169}.Debug|Any CPU.Build.0 = Debug|Any CPU
		{42562EBC-3C14-4160-AA1A-DFB8E14FB169}.Release|Any CPU.ActiveCfg = Release|Any CPU
		{42562EBC-3C14-4160-AA1A-DFB8E14FB169}.Release|Any CPU.Build.0 = Release|Any CPU
		{3D9853F0-FD17-433B-BDFE-57A8D7471AC4}.Debug|Any CPU.ActiveCfg = Debug|Any CPU
		{3D9853F0-FD17-433B-BDFE-57A8D7471AC4}.Debug|Any CPU.Build.0 = Debug|Any CPU
		{3D9853F0-FD17-433B-BDFE-57A8D7471AC4}.Release|Any CPU.ActiveCfg = Release|Any CPU
		{3D9853F0-FD17-433B-BDFE-57A8D7471AC4}.Release|Any CPU.Build.0 = Release|Any CPU
		{67EBBA20-9211-4EBF-AB55-5A0C13038216}.Debug|Any CPU.ActiveCfg = Debug|Any CPU
		{67EBBA20-9211-4EBF-AB55-5A0C13038216}.Debug|Any CPU.Build.0 = Debug|Any CPU
		{67EBBA20-9211-4EBF-AB55-5A0C13038216}.Release|Any CPU.ActiveCfg = Release|Any CPU
		{67EBBA20-9211-4EBF-AB55-5A0C13038216}.Release|Any CPU.Build.0 = Release|Any CPU
		{1ABA493A-0D6F-42EA-9D21-18DE57A30884}.Debug|Any CPU.ActiveCfg = Debug|Any CPU
		{1ABA493A-0D6F-42EA-9D21-18DE57A30884}.Debug|Any CPU.Build.0 = Debug|Any CPU
		{1ABA493A-0D6F-42EA-9D21-18DE57A30884}.Release|Any CPU.ActiveCfg = Release|Any CPU
		{1ABA493A-0D6F-42EA-9D21-18DE57A30884}.Release|Any CPU.Build.0 = Release|Any CPU
		{5C414E41-C524-4B03-881A-D21954CBEDDE}.Debug|Any CPU.ActiveCfg = Debug|Any CPU
		{5C414E41-C524-4B03-881A-D21954CBEDDE}.Debug|Any CPU.Build.0 = Debug|Any CPU
		{5C414E41-C524-4B03-881A-D21954CBEDDE}.Release|Any CPU.ActiveCfg = Release|Any CPU
		{5C414E41-C524-4B03-881A-D21954CBEDDE}.Release|Any CPU.Build.0 = Release|Any CPU
		{C9F8976A-781A-4613-9AF6-86AE2E5F0EAB}.Debug|Any CPU.ActiveCfg = Debug|Any CPU
		{C9F8976A-781A-4613-9AF6-86AE2E5F0EAB}.Debug|Any CPU.Build.0 = Debug|Any CPU
		{C9F8976A-781A-4613-9AF6-86AE2E5F0EAB}.Release|Any CPU.ActiveCfg = Release|Any CPU
		{C9F8976A-781A-4613-9AF6-86AE2E5F0EAB}.Release|Any CPU.Build.0 = Release|Any CPU
		{099471A0-0B2C-484C-9361-4C8F14920498}.Debug|Any CPU.ActiveCfg = Debug|Any CPU
		{099471A0-0B2C-484C-9361-4C8F14920498}.Debug|Any CPU.Build.0 = Debug|Any CPU
		{099471A0-0B2C-484C-9361-4C8F14920498}.Release|Any CPU.ActiveCfg = Release|Any CPU
		{099471A0-0B2C-484C-9361-4C8F14920498}.Release|Any CPU.Build.0 = Release|Any CPU
		{5C220957-9472-42B7-A464-94EF20E19770}.Debug|Any CPU.ActiveCfg = Debug|Any CPU
		{5C220957-9472-42B7-A464-94EF20E19770}.Debug|Any CPU.Build.0 = Debug|Any CPU
		{5C220957-9472-42B7-A464-94EF20E19770}.Release|Any CPU.ActiveCfg = Release|Any CPU
		{5C220957-9472-42B7-A464-94EF20E19770}.Release|Any CPU.Build.0 = Release|Any CPU
		{C47846B6-E442-4DE2-AD1C-3EA1BBAA89CF}.Debug|Any CPU.ActiveCfg = Debug|Any CPU
		{C47846B6-E442-4DE2-AD1C-3EA1BBAA89CF}.Debug|Any CPU.Build.0 = Debug|Any CPU
		{C47846B6-E442-4DE2-AD1C-3EA1BBAA89CF}.Release|Any CPU.ActiveCfg = Release|Any CPU
		{C47846B6-E442-4DE2-AD1C-3EA1BBAA89CF}.Release|Any CPU.Build.0 = Release|Any CPU
		{B6FD65C2-0B27-4D8E-ADCB-0C3B65CB1482}.Debug|Any CPU.ActiveCfg = Debug|Any CPU
		{B6FD65C2-0B27-4D8E-ADCB-0C3B65CB1482}.Debug|Any CPU.Build.0 = Debug|Any CPU
		{B6FD65C2-0B27-4D8E-ADCB-0C3B65CB1482}.Release|Any CPU.ActiveCfg = Release|Any CPU
		{B6FD65C2-0B27-4D8E-ADCB-0C3B65CB1482}.Release|Any CPU.Build.0 = Release|Any CPU
		{32481672-2B6A-4C5F-9360-4AEBA769B624}.Debug|Any CPU.ActiveCfg = Debug|Any CPU
		{32481672-2B6A-4C5F-9360-4AEBA769B624}.Debug|Any CPU.Build.0 = Debug|Any CPU
		{32481672-2B6A-4C5F-9360-4AEBA769B624}.Release|Any CPU.ActiveCfg = Release|Any CPU
		{32481672-2B6A-4C5F-9360-4AEBA769B624}.Release|Any CPU.Build.0 = Release|Any CPU
		{C86F2535-DED4-4F07-B5E7-014EEBE69313}.Debug|Any CPU.ActiveCfg = Debug|Any CPU
		{C86F2535-DED4-4F07-B5E7-014EEBE69313}.Debug|Any CPU.Build.0 = Debug|Any CPU
		{C86F2535-DED4-4F07-B5E7-014EEBE69313}.Release|Any CPU.ActiveCfg = Release|Any CPU
		{C86F2535-DED4-4F07-B5E7-014EEBE69313}.Release|Any CPU.Build.0 = Release|Any CPU
		{F26FCA99-52B3-4CA9-9137-27DACD82060A}.Debug|Any CPU.ActiveCfg = Debug|Any CPU
		{F26FCA99-52B3-4CA9-9137-27DACD82060A}.Debug|Any CPU.Build.0 = Debug|Any CPU
		{F26FCA99-52B3-4CA9-9137-27DACD82060A}.Release|Any CPU.ActiveCfg = Release|Any CPU
		{F26FCA99-52B3-4CA9-9137-27DACD82060A}.Release|Any CPU.Build.0 = Release|Any CPU
		{5791795F-4A2F-40EC-98B4-31B1B68EFADA}.Debug|Any CPU.ActiveCfg = Debug|Any CPU
		{5791795F-4A2F-40EC-98B4-31B1B68EFADA}.Debug|Any CPU.Build.0 = Debug|Any CPU
		{5791795F-4A2F-40EC-98B4-31B1B68EFADA}.Release|Any CPU.ActiveCfg = Release|Any CPU
		{5791795F-4A2F-40EC-98B4-31B1B68EFADA}.Release|Any CPU.Build.0 = Release|Any CPU
		{8BFF763D-0B2E-46FA-ADC1-9C3480423DE7}.Debug|Any CPU.ActiveCfg = Debug|Any CPU
		{8BFF763D-0B2E-46FA-ADC1-9C3480423DE7}.Debug|Any CPU.Build.0 = Debug|Any CPU
		{8BFF763D-0B2E-46FA-ADC1-9C3480423DE7}.Release|Any CPU.ActiveCfg = Release|Any CPU
		{8BFF763D-0B2E-46FA-ADC1-9C3480423DE7}.Release|Any CPU.Build.0 = Release|Any CPU
		{7849DACC-21A1-4E85-BD67-085F651A668A}.Debug|Any CPU.ActiveCfg = Debug|Any CPU
		{7849DACC-21A1-4E85-BD67-085F651A668A}.Debug|Any CPU.Build.0 = Debug|Any CPU
		{7849DACC-21A1-4E85-BD67-085F651A668A}.Release|Any CPU.ActiveCfg = Release|Any CPU
		{7849DACC-21A1-4E85-BD67-085F651A668A}.Release|Any CPU.Build.0 = Release|Any CPU
		{DEBCD578-14F4-4140-A183-B25833187311}.Debug|Any CPU.ActiveCfg = Debug|Any CPU
		{DEBCD578-14F4-4140-A183-B25833187311}.Debug|Any CPU.Build.0 = Debug|Any CPU
		{DEBCD578-14F4-4140-A183-B25833187311}.Release|Any CPU.ActiveCfg = Release|Any CPU
		{DEBCD578-14F4-4140-A183-B25833187311}.Release|Any CPU.Build.0 = Release|Any CPU
		{0A85D12E-80AA-4608-9FCF-7DF72EA78258}.Debug|Any CPU.ActiveCfg = Debug|Any CPU
		{0A85D12E-80AA-4608-9FCF-7DF72EA78258}.Debug|Any CPU.Build.0 = Debug|Any CPU
		{0A85D12E-80AA-4608-9FCF-7DF72EA78258}.Release|Any CPU.ActiveCfg = Release|Any CPU
		{0A85D12E-80AA-4608-9FCF-7DF72EA78258}.Release|Any CPU.Build.0 = Release|Any CPU
		{69547942-8644-41DE-BAD0-2729545A06F3}.Debug|Any CPU.ActiveCfg = Debug|Any CPU
		{69547942-8644-41DE-BAD0-2729545A06F3}.Debug|Any CPU.Build.0 = Debug|Any CPU
		{69547942-8644-41DE-BAD0-2729545A06F3}.Release|Any CPU.ActiveCfg = Release|Any CPU
		{69547942-8644-41DE-BAD0-2729545A06F3}.Release|Any CPU.Build.0 = Release|Any CPU
		{2E36C1EC-DD91-4675-BF64-2B8547979836}.Debug|Any CPU.ActiveCfg = Debug|Any CPU
		{2E36C1EC-DD91-4675-BF64-2B8547979836}.Debug|Any CPU.Build.0 = Debug|Any CPU
		{2E36C1EC-DD91-4675-BF64-2B8547979836}.Release|Any CPU.ActiveCfg = Release|Any CPU
		{2E36C1EC-DD91-4675-BF64-2B8547979836}.Release|Any CPU.Build.0 = Release|Any CPU
		{05BC4310-2E79-48CB-AA97-414675289DF5}.Debug|Any CPU.ActiveCfg = Debug|Any CPU
		{05BC4310-2E79-48CB-AA97-414675289DF5}.Debug|Any CPU.Build.0 = Debug|Any CPU
		{05BC4310-2E79-48CB-AA97-414675289DF5}.Release|Any CPU.ActiveCfg = Release|Any CPU
		{05BC4310-2E79-48CB-AA97-414675289DF5}.Release|Any CPU.Build.0 = Release|Any CPU
		{943CA5E8-055E-4C3F-B892-30FBAC270C8E}.Debug|Any CPU.ActiveCfg = Debug|Any CPU
		{943CA5E8-055E-4C3F-B892-30FBAC270C8E}.Debug|Any CPU.Build.0 = Debug|Any CPU
		{943CA5E8-055E-4C3F-B892-30FBAC270C8E}.Release|Any CPU.ActiveCfg = Release|Any CPU
		{943CA5E8-055E-4C3F-B892-30FBAC270C8E}.Release|Any CPU.Build.0 = Release|Any CPU
		{19FC066F-4124-4B93-AFB0-FE4C174044E3}.Debug|Any CPU.ActiveCfg = Debug|Any CPU
		{19FC066F-4124-4B93-AFB0-FE4C174044E3}.Debug|Any CPU.Build.0 = Debug|Any CPU
		{19FC066F-4124-4B93-AFB0-FE4C174044E3}.Release|Any CPU.ActiveCfg = Release|Any CPU
		{19FC066F-4124-4B93-AFB0-FE4C174044E3}.Release|Any CPU.Build.0 = Release|Any CPU
		{77AB1633-01DB-4CC2-8680-A48492FAC575}.Debug|Any CPU.ActiveCfg = Debug|Any CPU
		{77AB1633-01DB-4CC2-8680-A48492FAC575}.Debug|Any CPU.Build.0 = Debug|Any CPU
		{77AB1633-01DB-4CC2-8680-A48492FAC575}.Release|Any CPU.ActiveCfg = Release|Any CPU
		{77AB1633-01DB-4CC2-8680-A48492FAC575}.Release|Any CPU.Build.0 = Release|Any CPU
	EndGlobalSection
	GlobalSection(SolutionProperties) = preSolution
		HideSolutionNode = FALSE
	EndGlobalSection
	GlobalSection(ExtensibilityGlobals) = postSolution
		SolutionGuid = {961950B4-547E-4C15-B7D5-01881CC3EABC}
	EndGlobalSection
EndGlobal
